
Microsoft Visual Studio Solution File, Format Version 9.00
# Visual Studio 2005
Project("{FAE04EC0-301F-11D3-BF4B-00C04F79EFBC}") = "ADONetDemo", "ADONetDemo\ADONetDemo.csproj", "{02092F77-16AF-441F-83C7-DE18CBC9A559}"
EndProject
Global
	GlobalSection(SolutionConfigurationPlatforms) = preSolution
		Debug|Any CPU = Debug|Any CPU
		Release|Any CPU = Release|Any CPU
	EndGlobalSection
	GlobalSection(ProjectConfigurationPlatforms) = postSolution
		{02092F77-16AF-441F-83C7-DE18CBC9A559}.Debug|Any CPU.ActiveCfg = Debug|Any CPU
		{02092F77-16AF-441F-83C7-DE18CBC9A559}.Debug|Any CPU.Build.0 = Debug|Any CPU
		{02092F77-16AF-441F-83C7-DE18CBC9A559}.Release|Any CPU.ActiveCfg = Release|Any CPU
		{02092F77-16AF-441F-83C7-DE18CBC9A559}.Release|Any CPU.Build.0 = Release|Any CPU
	EndGlobalSection
	GlobalSection(SolutionProperties) = preSolution
		HideSolutionNode = FALSE
	EndGlobalSection
EndGlobal
