	<Project xmlns="http://schemas.microsoft.com/developer/msbuild/2003">
		<PropertyGroup>
			<ProjectGuid>{1081765D-E8A3-4989-BC59-D46109A06323}</ProjectGuid>
			<MainSource>TicketSale.dpk</MainSource>
			<ProjectVersion>12.0</ProjectVersion>
			<Config Condition="'$(Config)'==''">Debug</Config>
			<DCC_DCCCompiler>DCC32</DCC_DCCCompiler>
		</PropertyGroup>
		<PropertyGroup Condition="'$(Config)'=='Base' or '$(Base)'!=''">
			<Base>true</Base>
		</PropertyGroup>
		<PropertyGroup Condition="'$(Config)'=='Release' or '$(Cfg_1)'!=''">
			<Cfg_1>true</Cfg_1>
			<CfgParent>Base</CfgParent>
			<Base>true</Base>
		</PropertyGroup>
		<PropertyGroup Condition="'$(Config)'=='Debug' or '$(Cfg_2)'!=''">
			<Cfg_2>true</Cfg_2>
			<CfgParent>Base</CfgParent>
			<Base>true</Base>
		</PropertyGroup>
		<PropertyGroup Condition="'$(Base)'!=''">
			<DCC_GenerateStackFrames>true</DCC_GenerateStackFrames>
			<DCC_UnitSearchPath>..\..\DCP\;$(DCC_UnitSearchPath)</DCC_UnitSearchPath>
			<DCC_DebugDCUs>true</DCC_DebugDCUs>
			<DCC_Define>DEBUG;EUREKALOG;EUREKALOG_VER6;$(DCC_Define)</DCC_Define>
			<DesignOnlyPackage>false</DesignOnlyPackage>
			<DCC_BplOutput>..\..\BIN\</DCC_BplOutput>
			<RuntimeOnlyPackage>true</RuntimeOnlyPackage>
			<DCC_DcpOutput>..\..\DCP\</DCC_DcpOutput>
			<DCC_DcuOutput>..\..\DCU\</DCC_DcuOutput>
			<DCC_UnitAlias>WinTypes=Windows;WinProcs=Windows;DbiTypes=BDE;DbiProcs=BDE;DbiErrs=BDE;$(DCC_UnitAlias)</DCC_UnitAlias>
			<DCC_DependencyCheckOutputName>..\..\BIN\TicketSale.bpl</DCC_DependencyCheckOutputName>
			<GenDll>true</GenDll>
			<GenPackage>true</GenPackage>
			<DCC_ImageBase>00400000</DCC_ImageBase>
			<DCC_Platform>x86</DCC_Platform>
		</PropertyGroup>
		<PropertyGroup Condition="'$(Cfg_1)'!=''">
			<DCC_LocalDebugSymbols>false</DCC_LocalDebugSymbols>
			<DCC_Define>RELEASE;$(DCC_Define)</DCC_Define>
			<DCC_SymbolReferenceInfo>0</DCC_SymbolReferenceInfo>
			<DCC_DebugInformation>false</DCC_DebugInformation>
		</PropertyGroup>
		<PropertyGroup Condition="'$(Cfg_2)'!=''">
			<DCC_MapFile>3</DCC_MapFile>
		</PropertyGroup>
		<ItemGroup>
			<DelphiCompile Include="TicketSale.dpk">
				<MainSource>MainSource</MainSource>
			</DelphiCompile>
			<DCCReference Include="rtl.dcp"/>
			<DCCReference Include="Interfaces.dcp"/>
			<DCCReference Include="VclSmp.dcp"/>
			<DCCReference Include="Vehicleseatplan.dcp"/>
			<DCCReference Include="PrintTemplate.dcp"/>
			<DCCReference Include="bdertl.dcp"/>
			<DCCReference Include="vcldbx.dcp"/>
			<DCCReference Include="ICcardRW.dcp"/>
			<DCCReference Include="IDCardReader.dcp"/>
			<DCCReference Include="TicketSaleExport.pas"/>
			<DCCReference Include="TicketSalePlugin.pas"/>
			<DCCReference Include="UFrmSellTicket.pas">
				<Form>FrmSellTicket</Form>
			</DCCReference>
			<DCCReference Include="SellTicket.pas"/>
			<DCCReference Include="UFrmCustomerAdd.pas">
				<Form>FrmCustomerAdd</Form>
			</DCCReference>
			<DCCReference Include="SellWayEnd.pas"/>
			<DCCReference Include="Ufrmpatchsellticketend.pas">
				<Form>frmpatchsellticketend</Form>
				<DesignClass>TFrame</DesignClass>
			</DCCReference>
			<DCCReference Include="Ufrmsellwayend.pas">
				<Form>frmsellwayend</Form>
				<DesignClass>TFrame</DesignClass>
			</DCCReference>
			<DCCReference Include="Ufrmsellticketend.pas">
				<Form>frmsellticketend</Form>
				<DesignClass>TFrame</DesignClass>
			</DCCReference>
			<DCCReference Include="Ufrmbookticketend.pas">
				<Form>frmbookticketend</Form>
				<DesignClass>TFrame</DesignClass>
			</DCCReference>
			<DCCReference Include="UFrmChangeTicket.pas">
				<Form>FrmChangeTicket</Form>
			</DCCReference>
			<DCCReference Include="Ufrmchangeticketend.pas">
				<Form>frmchangeticketend</Form>
				<DesignClass>TFrame</DesignClass>
			</DCCReference>
			<DCCReference Include="UFrmSellBookTicket.pas">
				<Form>FrmSellBookTicket</Form>
			</DCCReference>
			<DCCReference Include="UfrmsellBookticketend.pas">
				<Form>frmsellBookticketend</Form>
				<DesignClass>TFrame</DesignClass>
			</DCCReference>
			<DCCReference Include="UFrmSellReserveSeat.pas">
				<Form>FrmSellReserveSeat</Form>
			</DCCReference>
			<DCCReference Include="UfrmsellReserveSeatend.pas">
				<Form>FrmSellReserveSeatend</Form>
				<DesignClass>TFrame</DesignClass>
			</DCCReference>
			<DCCReference Include="UfrmTmpInsuranceNo.pas">
				<Form>frmTmpInsuranceNo</Form>
			</DCCReference>
			<DCCReference Include="DateCn.pas"/>
			<DCCReference Include="UfrmreceiptSchedule.pas">
				<Form>frmreceiptSchedule</Form>
				<DesignClass>TFrame</DesignClass>
			</DCCReference>
			<BuildConfiguration Include="Base">
				<Key>Base</Key>
			</BuildConfiguration>
			<BuildConfiguration Include="Debug">
				<Key>Cfg_2</Key>
				<CfgParent>Base</CfgParent>
			</BuildConfiguration>
			<BuildConfiguration Include="Release">
				<Key>Cfg_1</Key>
				<CfgParent>Base</CfgParent>
			</BuildConfiguration>
		</ItemGroup>
		<Import Project="$(BDS)\Bin\CodeGear.Delphi.Targets" Condition="Exists('$(BDS)\Bin\CodeGear.Delphi.Targets')"/>
		<ProjectExtensions>
			<Borland.Personality>Delphi.Personality.12</Borland.Personality>
			<Borland.ProjectType>Package</Borland.ProjectType>
			<BorlandProject>
				<Delphi.Personality>
					<Source>
						<Source Name="MainSource">TicketSale.dpk</Source>
					</Source>
					<Parameters>
						<Parameters Name="UseLauncher">False</Parameters>
						<Parameters Name="LoadAllSymbols">True</Parameters>
						<Parameters Name="LoadUnspecifiedSymbols">False</Parameters>
						<Parameters Name="HostApplication">..\..\BIN\NvBUS.exe</Parameters>
						<Parameters Name="DebugCWD">..\..\BIN</Parameters>
					</Parameters>
					<VersionInfo>
						<VersionInfo Name="IncludeVerInfo">True</VersionInfo>
						<VersionInfo Name="AutoIncBuild">False</VersionInfo>
						<VersionInfo Name="MajorVer">1</VersionInfo>
						<VersionInfo Name="MinorVer">0</VersionInfo>
						<VersionInfo Name="Release">0</VersionInfo>
						<VersionInfo Name="Build">0</VersionInfo>
						<VersionInfo Name="Debug">False</VersionInfo>
						<VersionInfo Name="PreRelease">False</VersionInfo>
						<VersionInfo Name="Special">False</VersionInfo>
						<VersionInfo Name="Private">False</VersionInfo>
						<VersionInfo Name="DLL">False</VersionInfo>
						<VersionInfo Name="Locale">2052</VersionInfo>
						<VersionInfo Name="CodePage">936</VersionInfo>
					</VersionInfo>
					<VersionInfoKeys>
						<VersionInfoKeys Name="CompanyName"/>
						<VersionInfoKeys Name="FileDescription"/>
						<VersionInfoKeys Name="FileVersion">1.0.0.0</VersionInfoKeys>
						<VersionInfoKeys Name="InternalName"/>
						<VersionInfoKeys Name="LegalCopyright"/>
						<VersionInfoKeys Name="LegalTrademarks"/>
						<VersionInfoKeys Name="OriginalFilename"/>
						<VersionInfoKeys Name="ProductName"/>
						<VersionInfoKeys Name="ProductVersion">1.0.0.0</VersionInfoKeys>
						<VersionInfoKeys Name="Comments"/>
					</VersionInfoKeys>
					<Excluded_Packages>
						<Excluded_Packages Name="C:\Users\Public\Documents\RAD Studio\7.0\Bpl\acnt2010.bpl">AlphaControls</Excluded_Packages>
					</Excluded_Packages>
				</Delphi.Personality>
				<ModelSupport>False</ModelSupport>
			</BorlandProject>
			<ProjectFileVersion>12</ProjectFileVersion>
		</ProjectExtensions>
	</Project>
